
Microsoft Visual Studio Solution File, Format Version 12.00
# Visual Studio Version 17
VisualStudioVersion = 17.0.31606.5
MinimumVisualStudioVersion = 10.0.40219.1
Project("{FAE04EC0-301F-11D3-BF4B-00C04F79EFBC}") = "src", "src.csproj", "{C9BC55E2-8EC3-4DC3-9FDF-386AB4EFCDDD}"
EndProject
Global
	GlobalSection(SolutionConfigurationPlatforms) = preSolution
		Debug|Any CPU = Debug|Any CPU
		Release|Any CPU = Release|Any CPU
	EndGlobalSection
	GlobalSection(ProjectConfigurationPlatforms) = postSolution
		{C9BC55E2-8EC3-4DC3-9FDF-386AB4EFCDDD}.Debug|Any CPU.ActiveCfg = Debug|Any CPU
		{C9BC55E2-8EC3-4DC3-9FDF-386AB4EFCDDD}.Debug|Any CPU.Build.0 = Debug|Any CPU
		{C9BC55E2-8EC3-4DC3-9FDF-386AB4EFCDDD}.Release|Any CPU.ActiveCfg = Release|Any CPU
		{C9BC55E2-8EC3-4DC3-9FDF-386AB4EFCDDD}.Release|Any CPU.Build.0 = Release|Any CPU
	EndGlobalSection
	GlobalSection(SolutionProperties) = preSolution
		HideSolutionNode = FALSE
	EndGlobalSection
	GlobalSection(ExtensibilityGlobals) = postSolution
		SolutionGuid = {42B72893-708C-400A-BF44-7591B93C4B21}
	EndGlobalSection
EndGlobal
